
Microsoft Visual Studio Solution File, Format Version 12.00
# Visual Studio Version 16
VisualStudioVersion = 16.0.30011.22
MinimumVisualStudioVersion = 10.0.40219.1
Project("{FAE04EC0-301F-11D3-BF4B-00C04F79EFBC}") = "View", "View\View.csproj", "{9A7BBE95-4B17-4B20-B16E-4E3412D71543}"
EndProject
Project("{FAE04EC0-301F-11D3-BF4B-00C04F79EFBC}") = "Model", "Model\Model.csproj", "{B4DE363F-D879-442A-892A-150F80A230B3}"
EndProject
Project("{FAE04EC0-301F-11D3-BF4B-00C04F79EFBC}") = "ViewModel", "ViewModel\ViewModel.csproj", "{9F9AF907-B785-453B-861C-90F386EAF881}"
EndProject
Global
	GlobalSection(SolutionConfigurationPlatforms) = preSolution
		Debug|Any CPU = Debug|Any CPU
		Release|Any CPU = Release|Any CPU
	EndGlobalSection
	GlobalSection(ProjectConfigurationPlatforms) = postSolution
		{9A7BBE95-4B17-4B20-B16E-4E3412D71543}.Debug|Any CPU.ActiveCfg = Debug|Any CPU
		{9A7BBE95-4B17-4B20-B16E-4E3412D71543}.Debug|Any CPU.Build.0 = Debug|Any CPU
		{9A7BBE95-4B17-4B20-B16E-4E3412D71543}.Release|Any CPU.ActiveCfg = Release|Any CPU
		{9A7BBE95-4B17-4B20-B16E-4E3412D71543}.Release|Any CPU.Build.0 = Release|Any CPU
		{B4DE363F-D879-442A-892A-150F80A230B3}.Debug|Any CPU.ActiveCfg = Debug|Any CPU
		{B4DE363F-D879-442A-892A-150F80A230B3}.Debug|Any CPU.Build.0 = Debug|Any CPU
		{B4DE363F-D879-442A-892A-150F80A230B3}.Release|Any CPU.ActiveCfg = Release|Any CPU
		{B4DE363F-D879-442A-892A-150F80A230B3}.Release|Any CPU.Build.0 = Release|Any CPU
		{9F9AF907-B785-453B-861C-90F386EAF881}.Debug|Any CPU.ActiveCfg = Debug|Any CPU
		{9F9AF907-B785-453B-861C-90F386EAF881}.Debug|Any CPU.Build.0 = Debug|Any CPU
		{9F9AF907-B785-453B-861C-90F386EAF881}.Release|Any CPU.ActiveCfg = Release|Any CPU
		{9F9AF907-B785-453B-861C-90F386EAF881}.Release|Any CPU.Build.0 = Release|Any CPU
	EndGlobalSection
	GlobalSection(SolutionProperties) = preSolution
		HideSolutionNode = FALSE
	EndGlobalSection
	GlobalSection(ExtensibilityGlobals) = postSolution
		SolutionGuid = {478F7FE9-8779-4E4A-B79E-DE2BE0681CAA}
	EndGlobalSection
EndGlobal
